
Microsoft Visual Studio Solution File, Format Version 12.00
# Visual Studio Version 17
VisualStudioVersion = 17.11.35327.3
MinimumVisualStudioVersion = 10.0.40219.1
Project("{FAE04EC0-301F-11D3-BF4B-00C04F79EFBC}") = "HW_ASP_9.1", "HW_ASP_9.1.csproj", "{E2DA6C18-ACC6-43F3-9C4A-9A46DFD2C430}"
EndProject
Global
	GlobalSection(SolutionConfigurationPlatforms) = preSolution
		Debug|Any CPU = Debug|Any CPU
		Release|Any CPU = Release|Any CPU
	EndGlobalSection
	GlobalSection(ProjectConfigurationPlatforms) = postSolution
		{E2DA6C18-ACC6-43F3-9C4A-9A46DFD2C430}.Debug|Any CPU.ActiveCfg = Debug|Any CPU
		{E2DA6C18-ACC6-43F3-9C4A-9A46DFD2C430}.Debug|Any CPU.Build.0 = Debug|Any CPU
		{E2DA6C18-ACC6-43F3-9C4A-9A46DFD2C430}.Release|Any CPU.ActiveCfg = Release|Any CPU
		{E2DA6C18-ACC6-43F3-9C4A-9A46DFD2C430}.Release|Any CPU.Build.0 = Release|Any CPU
	EndGlobalSection
	GlobalSection(SolutionProperties) = preSolution
		HideSolutionNode = FALSE
	EndGlobalSection
	GlobalSection(ExtensibilityGlobals) = postSolution
		SolutionGuid = {D1A4FC97-8E80-48D7-BC3A-20A83F8B2ADB}
	EndGlobalSection
EndGlobal
